// !$*UTF8*$!
{
	archiveVersion = 1;
	classes = {
	};
	objectVersion = 50;
	objects = {

/* Begin PBXBuildFile section */
		390EDD6A2253E1BD0003FA12 /* MediaModel.swift in Sources */ = {isa = PBXBuildFile; fileRef = 390EDD692253E1BD0003FA12 /* MediaModel.swift */; };
		390EDD6C2253E1F30003FA12 /* NewsModel.swift in Sources */ = {isa = PBXBuildFile; fileRef = 390EDD6B2253E1F30003FA12 /* NewsModel.swift */; };
		39135F3022BB917900A58063 /* NewsResponseModel.swift in Sources */ = {isa = PBXBuildFile; fileRef = 39135F2F22BB917900A58063 /* NewsResponseModel.swift */; };
		3915E2B522538AD600DBD403 /* AppDelegate.swift in Sources */ = {isa = PBXBuildFile; fileRef = 3915E2B422538AD600DBD403 /* AppDelegate.swift */; };
		3915E2B722538AD600DBD403 /* NewsViewController.swift in Sources */ = {isa = PBXBuildFile; fileRef = 3915E2B622538AD600DBD403 /* NewsViewController.swift */; };
		3915E2BA22538AD600DBD403 /* Main.storyboard in Resources */ = {isa = PBXBuildFile; fileRef = 3915E2B822538AD600DBD403 /* Main.storyboard */; };
		3915E2BC22538AD900DBD403 /* Assets.xcassets in Resources */ = {isa = PBXBuildFile; fileRef = 3915E2BB22538AD900DBD403 /* Assets.xcassets */; };
		3915E2BF22538AD900DBD403 /* LaunchScreen.storyboard in Resources */ = {isa = PBXBuildFile; fileRef = 3915E2BD22538AD900DBD403 /* LaunchScreen.storyboard */; };
		3915E2CA22538AD900DBD403 /* NYTMostPopularTests.swift in Sources */ = {isa = PBXBuildFile; fileRef = 3915E2C922538AD900DBD403 /* NYTMostPopularTests.swift */; };
		3915E2D522538D2F00DBD403 /* NYArticleCell.swift in Sources */ = {isa = PBXBuildFile; fileRef = 3915E2D422538D2F00DBD403 /* NYArticleCell.swift */; };
		3915E2D72253923000DBD403 /* NewsDetailViewController.swift in Sources */ = {isa = PBXBuildFile; fileRef = 3915E2D62253923000DBD403 /* NewsDetailViewController.swift */; };
		3915E2D92253B0B400DBD403 /* MediaMetadataModel.swift in Sources */ = {isa = PBXBuildFile; fileRef = 3915E2D82253B0B400DBD403 /* MediaMetadataModel.swift */; };
		3915E2DB2253C3EE00DBD403 /* BaseViewController.swift in Sources */ = {isa = PBXBuildFile; fileRef = 3915E2DA2253C3EE00DBD403 /* BaseViewController.swift */; };
		3915E2DD2253D52700DBD403 /* NewsViewController+TableView.swift in Sources */ = {isa = PBXBuildFile; fileRef = 3915E2DC2253D52700DBD403 /* NewsViewController+TableView.swift */; };
/* End PBXBuildFile section */

/* Begin PBXContainerItemProxy section */
		3915E2C622538AD900DBD403 /* PBXContainerItemProxy */ = {
			isa = PBXContainerItemProxy;
			containerPortal = 3915E2A922538AD600DBD403 /* Project object */;
			proxyType = 1;
			remoteGlobalIDString = 3915E2B022538AD600DBD403;
			remoteInfo = NYTMostPopular;
		};
/* End PBXContainerItemProxy section */

/* Begin PBXFileReference section */
		390EDD692253E1BD0003FA12 /* MediaModel.swift */ = {isa = PBXFileReference; lastKnownFileType = sourcecode.swift; path = MediaModel.swift; sourceTree = "<group>"; };
		390EDD6B2253E1F30003FA12 /* NewsModel.swift */ = {isa = PBXFileReference; lastKnownFileType = sourcecode.swift; path = NewsModel.swift; sourceTree = "<group>"; };
		39135F2F22BB917900A58063 /* NewsResponseModel.swift */ = {isa = PBXFileReference; lastKnownFileType = sourcecode.swift; path = NewsResponseModel.swift; sourceTree = "<group>"; };
		3915E2B122538AD600DBD403 /* NYTMostPopular.app */ = {isa = PBXFileReference; explicitFileType = wrapper.application; includeInIndex = 0; path = NYTMostPopular.app; sourceTree = BUILT_PRODUCTS_DIR; };
		3915E2B422538AD600DBD403 /* AppDelegate.swift */ = {isa = PBXFileReference; lastKnownFileType = sourcecode.swift; path = AppDelegate.swift; sourceTree = "<group>"; };
		3915E2B622538AD600DBD403 /* NewsViewController.swift */ = {isa = PBXFileReference; lastKnownFileType = sourcecode.swift; path = NewsViewController.swift; sourceTree = "<group>"; };
		3915E2B922538AD600DBD403 /* Base */ = {isa = PBXFileReference; lastKnownFileType = file.storyboard; name = Base; path = Base.lproj/Main.storyboard; sourceTree = "<group>"; };
		3915E2BB22538AD900DBD403 /* Assets.xcassets */ = {isa = PBXFileReference; lastKnownFileType = folder.assetcatalog; path = Assets.xcassets; sourceTree = "<group>"; };
		3915E2BE22538AD900DBD403 /* Base */ = {isa = PBXFileReference; lastKnownFileType = file.storyboard; name = Base; path = Base.lproj/LaunchScreen.storyboard; sourceTree = "<group>"; };
		3915E2C022538AD900DBD403 /* Info.plist */ = {isa = PBXFileReference; lastKnownFileType = text.plist.xml; path = Info.plist; sourceTree = "<group>"; };
		3915E2C522538AD900DBD403 /* NYTMostPopularTests.xctest */ = {isa = PBXFileReference; explicitFileType = wrapper.cfbundle; includeInIndex = 0; path = NYTMostPopularTests.xctest; sourceTree = BUILT_PRODUCTS_DIR; };
		3915E2C922538AD900DBD403 /* NYTMostPopularTests.swift */ = {isa = PBXFileReference; lastKnownFileType = sourcecode.swift; path = NYTMostPopularTests.swift; sourceTree = "<group>"; };
		3915E2CB22538AD900DBD403 /* Info.plist */ = {isa = PBXFileReference; lastKnownFileType = text.plist.xml; path = Info.plist; sourceTree = "<group>"; };
		3915E2D422538D2F00DBD403 /* NYArticleCell.swift */ = {isa = PBXFileReference; fileEncoding = 4; lastKnownFileType = sourcecode.swift; path = NYArticleCell.swift; sourceTree = "<group>"; };
		3915E2D62253923000DBD403 /* NewsDetailViewController.swift */ = {isa = PBXFileReference; lastKnownFileType = sourcecode.swift; path = NewsDetailViewController.swift; sourceTree = "<group>"; };
		3915E2D82253B0B400DBD403 /* MediaMetadataModel.swift */ = {isa = PBXFileReference; lastKnownFileType = sourcecode.swift; path = MediaMetadataModel.swift; sourceTree = "<group>"; };
		3915E2DA2253C3EE00DBD403 /* BaseViewController.swift */ = {isa = PBXFileReference; lastKnownFileType = sourcecode.swift; path = BaseViewController.swift; sourceTree = "<group>"; };
		3915E2DC2253D52700DBD403 /* NewsViewController+TableView.swift */ = {isa = PBXFileReference; lastKnownFileType = sourcecode.swift; path = "NewsViewController+TableView.swift"; sourceTree = "<group>"; };
/* End PBXFileReference section */

/* Begin PBXFrameworksBuildPhase section */
		3915E2AE22538AD600DBD403 /* Frameworks */ = {
			isa = PBXFrameworksBuildPhase;
			buildActionMask = 2147483647;
			files = (
			);
			runOnlyForDeploymentPostprocessing = 0;
		};
		3915E2C222538AD900DBD403 /* Frameworks */ = {
			isa = PBXFrameworksBuildPhase;
			buildActionMask = 2147483647;
			files = (
			);
			runOnlyForDeploymentPostprocessing = 0;
		};
/* End PBXFrameworksBuildPhase section */

/* Begin PBXGroup section */
		390EDD622253DEFF0003FA12 /* Models */ = {
			isa = PBXGroup;
			children = (
				3915E2D82253B0B400DBD403 /* MediaMetadataModel.swift */,
				390EDD692253E1BD0003FA12 /* MediaModel.swift */,
				390EDD6B2253E1F30003FA12 /* NewsModel.swift */,
				39135F2F22BB917900A58063 /* NewsResponseModel.swift */,
			);
			path = Models;
			sourceTree = "<group>";
		};
		390EDD632253DF0F0003FA12 /* Cells */ = {
			isa = PBXGroup;
			children = (
				3915E2D422538D2F00DBD403 /* NYArticleCell.swift */,
			);
			path = Cells;
			sourceTree = "<group>";
		};
		390EDD642253DF230003FA12 /* Common */ = {
			isa = PBXGroup;
			children = (
				3915E2DA2253C3EE00DBD403 /* BaseViewController.swift */,
			);
			path = Common;
			sourceTree = "<group>";
		};
		390EDD652253DF350003FA12 /* Modules */ = {
			isa = PBXGroup;
			children = (
				390EDD662253DF540003FA12 /* News */,
				390EDD672253DF5E0003FA12 /* NewsDetail */,
			);
			path = Modules;
			sourceTree = "<group>";
		};
		390EDD662253DF540003FA12 /* News */ = {
			isa = PBXGroup;
			children = (
				3915E2B622538AD600DBD403 /* NewsViewController.swift */,
				3915E2DC2253D52700DBD403 /* NewsViewController+TableView.swift */,
				390EDD632253DF0F0003FA12 /* Cells */,
			);
			path = News;
			sourceTree = "<group>";
		};
		390EDD672253DF5E0003FA12 /* NewsDetail */ = {
			isa = PBXGroup;
			children = (
				3915E2D62253923000DBD403 /* NewsDetailViewController.swift */,
			);
			path = NewsDetail;
			sourceTree = "<group>";
		};
		390EDD682253DF850003FA12 /* Storyboards */ = {
			isa = PBXGroup;
			children = (
				3915E2B822538AD600DBD403 /* Main.storyboard */,
			);
			path = Storyboards;
			sourceTree = "<group>";
		};
		3915E2A822538AD600DBD403 = {
			isa = PBXGroup;
			children = (
				3915E2B322538AD600DBD403 /* NYTMostPopular */,
				3915E2C822538AD900DBD403 /* NYTMostPopularTests */,
				3915E2B222538AD600DBD403 /* Products */,
			);
			sourceTree = "<group>";
		};
		3915E2B222538AD600DBD403 /* Products */ = {
			isa = PBXGroup;
			children = (
				3915E2B122538AD600DBD403 /* NYTMostPopular.app */,
				3915E2C522538AD900DBD403 /* NYTMostPopularTests.xctest */,
			);
			name = Products;
			sourceTree = "<group>";
		};
		3915E2B322538AD600DBD403 /* NYTMostPopular */ = {
			isa = PBXGroup;
			children = (
				3915E2B422538AD600DBD403 /* AppDelegate.swift */,
				390EDD652253DF350003FA12 /* Modules */,
				390EDD622253DEFF0003FA12 /* Models */,
				390EDD642253DF230003FA12 /* Common */,
				390EDD682253DF850003FA12 /* Storyboards */,
				3915E2BB22538AD900DBD403 /* Assets.xcassets */,
				3915E2BD22538AD900DBD403 /* LaunchScreen.storyboard */,
				3915E2C022538AD900DBD403 /* Info.plist */,
			);
			path = NYTMostPopular;
			sourceTree = "<group>";
		};
		3915E2C822538AD900DBD403 /* NYTMostPopularTests */ = {
			isa = PBXGroup;
			children = (
				3915E2C922538AD900DBD403 /* NYTMostPopularTests.swift */,
				3915E2CB22538AD900DBD403 /* Info.plist */,
			);
			path = NYTMostPopularTests;
			sourceTree = "<group>";
		};
/* End PBXGroup section */

/* Begin PBXNativeTarget section */
		3915E2B022538AD600DBD403 /* NYTMostPopular */ = {
			isa = PBXNativeTarget;
			buildConfigurationList = 3915E2CE22538AD900DBD403 /* Build configuration list for PBXNativeTarget "NYTMostPopular" */;
			buildPhases = (
				3915E2AD22538AD600DBD403 /* Sources */,
				3915E2AE22538AD600DBD403 /* Frameworks */,
				3915E2AF22538AD600DBD403 /* Resources */,
			);
			buildRules = (
			);
			dependencies = (
			);
			name = NYTMostPopular;
			productName = NYTMostPopular;
			productReference = 3915E2B122538AD600DBD403 /* NYTMostPopular.app */;
			productType = "com.apple.product-type.application";
		};
		3915E2C422538AD900DBD403 /* NYTMostPopularTests */ = {
			isa = PBXNativeTarget;
			buildConfigurationList = 3915E2D122538AD900DBD403 /* Build configuration list for PBXNativeTarget "NYTMostPopularTests" */;
			buildPhases = (
				3915E2C122538AD900DBD403 /* Sources */,
				3915E2C222538AD900DBD403 /* Frameworks */,
				3915E2C322538AD900DBD403 /* Resources */,
			);
			buildRules = (
			);
			dependencies = (
				3915E2C722538AD900DBD403 /* PBXTargetDependency */,
			);
			name = NYTMostPopularTests;
			productName = NYTMostPopularTests;
			productReference = 3915E2C522538AD900DBD403 /* NYTMostPopularTests.xctest */;
			productType = "com.apple.product-type.bundle.unit-test";
		};
/* End PBXNativeTarget section */

/* Begin PBXProject section */
		3915E2A922538AD600DBD403 /* Project object */ = {
			isa = PBXProject;
			attributes = {
				LastSwiftUpdateCheck = 1020;
				LastUpgradeCheck = 1020;
				ORGANIZATIONNAME = FAMCO;
				TargetAttributes = {
					3915E2B022538AD600DBD403 = {
						CreatedOnToolsVersion = 10.2;
					};
					3915E2C422538AD900DBD403 = {
						CreatedOnToolsVersion = 10.2;
						TestTargetID = 3915E2B022538AD600DBD403;
					};
				};
			};
			buildConfigurationList = 3915E2AC22538AD600DBD403 /* Build configuration list for PBXProject "NYTMostPopular" */;
			compatibilityVersion = "Xcode 9.3";
			developmentRegion = en;
			hasScannedForEncodings = 0;
			knownRegions = (
				en,
				Base,
			);
			mainGroup = 3915E2A822538AD600DBD403;
			productRefGroup = 3915E2B222538AD600DBD403 /* Products */;
			projectDirPath = "";
			projectRoot = "";
			targets = (
				3915E2B022538AD600DBD403 /* NYTMostPopular */,
				3915E2C422538AD900DBD403 /* NYTMostPopularTests */,
			);
		};
/* End PBXProject section */

/* Begin PBXResourcesBuildPhase section */
		3915E2AF22538AD600DBD403 /* Resources */ = {
			isa = PBXResourcesBuildPhase;
			buildActionMask = 2147483647;
			files = (
				3915E2BF22538AD900DBD403 /* LaunchScreen.storyboard in Resources */,
				3915E2BC22538AD900DBD403 /* Assets.xcassets in Resources */,
				3915E2BA22538AD600DBD403 /* Main.storyboard in Resources */,
			);
			runOnlyForDeploymentPostprocessing = 0;
		};
		3915E2C322538AD900DBD403 /* Resources */ = {
			isa = PBXResourcesBuildPhase;
			buildActionMask = 2147483647;
			files = (
			);
			runOnlyForDeploymentPostprocessing = 0;
		};
/* End PBXResourcesBuildPhase section */

/* Begin PBXSourcesBuildPhase section */
		3915E2AD22538AD600DBD403 /* Sources */ = {
			isa = PBXSourcesBuildPhase;
			buildActionMask = 2147483647;
			files = (
				3915E2DD2253D52700DBD403 /* NewsViewController+TableView.swift in Sources */,
				3915E2D72253923000DBD403 /* NewsDetailViewController.swift in Sources */,
				3915E2B722538AD600DBD403 /* NewsViewController.swift in Sources */,
				390EDD6C2253E1F30003FA12 /* NewsModel.swift in Sources */,
				3915E2D522538D2F00DBD403 /* NYArticleCell.swift in Sources */,
				39135F3022BB917900A58063 /* NewsResponseModel.swift in Sources */,
				390EDD6A2253E1BD0003FA12 /* MediaModel.swift in Sources */,
				3915E2B522538AD600DBD403 /* AppDelegate.swift in Sources */,
				3915E2D92253B0B400DBD403 /* MediaMetadataModel.swift in Sources */,
				3915E2DB2253C3EE00DBD403 /* BaseViewController.swift in Sources */,
			);
			runOnlyForDeploymentPostprocessing = 0;
		};
		3915E2C122538AD900DBD403 /* Sources */ = {
			isa = PBXSourcesBuildPhase;
			buildActionMask = 2147483647;
			files = (
				3915E2CA22538AD900DBD403 /* NYTMostPopularTests.swift in Sources */,
			);
			runOnlyForDeploymentPostprocessing = 0;
		};
/* End PBXSourcesBuildPhase section */

/* Begin PBXTargetDependency section */
		3915E2C722538AD900DBD403 /* PBXTargetDependency */ = {
			isa = PBXTargetDependency;
			target = 3915E2B022538AD600DBD403 /* NYTMostPopular */;
			targetProxy = 3915E2C622538AD900DBD403 /* PBXContainerItemProxy */;
		};
/* End PBXTargetDependency section */

/* Begin PBXVariantGroup section */
		3915E2B822538AD600DBD403 /* Main.storyboard */ = {
			isa = PBXVariantGroup;
			children = (
				3915E2B922538AD600DBD403 /* Base */,
			);
			name = Main.storyboard;
			sourceTree = "<group>";
		};
		3915E2BD22538AD900DBD403 /* LaunchScreen.storyboard */ = {
			isa = PBXVariantGroup;
			children = (
				3915E2BE22538AD900DBD403 /* Base */,
			);
			name = LaunchScreen.storyboard;
			sourceTree = "<group>";
		};
/* End PBXVariantGroup section */

/* Begin XCBuildConfiguration section */
		3915E2CC22538AD900DBD403 /* Debug */ = {
			isa = XCBuildConfiguration;
			buildSettings = {
				ALWAYS_SEARCH_USER_PATHS = NO;
				CLANG_ANALYZER_NONNULL = YES;
				CLANG_ANALYZER_NUMBER_OBJECT_CONVERSION = YES_AGGRESSIVE;
				CLANG_CXX_LANGUAGE_STANDARD = "gnu++14";
				CLANG_CXX_LIBRARY = "libc++";
				CLANG_ENABLE_MODULES = YES;
				CLANG_ENABLE_OBJC_ARC = YES;
				CLANG_ENABLE_OBJC_WEAK = YES;
				CLANG_WARN_BLOCK_CAPTURE_AUTORELEASING = YES;
				CLANG_WARN_BOOL_CONVERSION = YES;
				CLANG_WARN_COMMA = YES;
				CLANG_WARN_CONSTANT_CONVERSION = YES;
				CLANG_WARN_DEPRECATED_OBJC_IMPLEMENTATIONS = YES;
				CLANG_WARN_DIRECT_OBJC_ISA_USAGE = YES_ERROR;
				CLANG_WARN_DOCUMENTATION_COMMENTS = YES;
				CLANG_WARN_EMPTY_BODY = YES;
				CLANG_WARN_ENUM_CONVERSION = YES;
				CLANG_WARN_INFINITE_RECURSION = YES;
				CLANG_WARN_INT_CONVERSION = YES;
				CLANG_WARN_NON_LITERAL_NULL_CONVERSION = YES;
				CLANG_WARN_OBJC_IMPLICIT_RETAIN_SELF = YES;
				CLANG_WARN_OBJC_LITERAL_CONVERSION = YES;
				CLANG_WARN_OBJC_ROOT_CLASS = YES_ERROR;
				CLANG_WARN_RANGE_LOOP_ANALYSIS = YES;
				CLANG_WARN_STRICT_PROTOTYPES = YES;
				CLANG_WARN_SUSPICIOUS_MOVE = YES;
				CLANG_WARN_UNGUARDED_AVAILABILITY = YES_AGGRESSIVE;
				CLANG_WARN_UNREACHABLE_CODE = YES;
				CLANG_WARN__DUPLICATE_METHOD_MATCH = YES;
				CODE_SIGN_IDENTITY = "iPhone Developer";
				COPY_PHASE_STRIP = NO;
				DEBUG_INFORMATION_FORMAT = dwarf;
				ENABLE_STRICT_OBJC_MSGSEND = YES;
				ENABLE_TESTABILITY = YES;
				GCC_C_LANGUAGE_STANDARD = gnu11;
				GCC_DYNAMIC_NO_PIC = NO;
				GCC_NO_COMMON_BLOCKS = YES;
				GCC_OPTIMIZATION_LEVEL = 0;
				GCC_PREPROCESSOR_DEFINITIONS = (
					"DEBUG=1",
					"$(inherited)",
				);
				GCC_WARN_64_TO_32_BIT_CONVERSION = YES;
				GCC_WARN_ABOUT_RETURN_TYPE = YES_ERROR;
				GCC_WARN_UNDECLARED_SELECTOR = YES;
				GCC_WARN_UNINITIALIZED_AUTOS = YES_AGGRESSIVE;
				GCC_WARN_UNUSED_FUNCTION = YES;
				GCC_WARN_UNUSED_VARIABLE = YES;
				IPHONEOS_DEPLOYMENT_TARGET = 12.2;
				MTL_ENABLE_DEBUG_INFO = INCLUDE_SOURCE;
				MTL_FAST_MATH = YES;
				ONLY_ACTIVE_ARCH = YES;
				SDKROOT = iphoneos;
				SWIFT_ACTIVE_COMPILATION_CONDITIONS = DEBUG;
				SWIFT_OPTIMIZATION_LEVEL = "-Onone";
			};
			name = Debug;
		};
		3915E2CD22538AD900DBD403 /* Release */ = {
			isa = XCBuildConfiguration;
			buildSettings = {
				ALWAYS_SEARCH_USER_PATHS = NO;
				CLANG_ANALYZER_NONNULL = YES;
				CLANG_ANALYZER_NUMBER_OBJECT_CONVERSION = YES_AGGRESSIVE;
				CLANG_CXX_LANGUAGE_STANDARD = "gnu++14";
				CLANG_CXX_LIBRARY = "libc++";
				CLANG_ENABLE_MODULES = YES;
				CLANG_ENABLE_OBJC_ARC = YES;
				CLANG_ENABLE_OBJC_WEAK = YES;
				CLANG_WARN_BLOCK_CAPTURE_AUTORELEASING = YES;
				CLANG_WARN_BOOL_CONVERSION = YES;
				CLANG_WARN_COMMA = YES;
				CLANG_WARN_CONSTANT_CONVERSION = YES;
				CLANG_WARN_DEPRECATED_OBJC_IMPLEMENTATIONS = YES;
				CLANG_WARN_DIRECT_OBJC_ISA_USAGE = YES_ERROR;
				CLANG_WARN_DOCUMENTATION_COMMENTS = YES;
				CLANG_WARN_EMPTY_BODY = YES;
				CLANG_WARN_ENUM_CONVERSION = YES;
				CLANG_WARN_INFINITE_RECURSION = YES;
				CLANG_WARN_INT_CONVERSION = YES;
				CLANG_WARN_NON_LITERAL_NULL_CONVERSION = YES;
				CLANG_WARN_OBJC_IMPLICIT_RETAIN_SELF = YES;
				CLANG_WARN_OBJC_LITERAL_CONVERSION = YES;
				CLANG_WARN_OBJC_ROOT_CLASS = YES_ERROR;
				CLANG_WARN_RANGE_LOOP_ANALYSIS = YES;
				CLANG_WARN_STRICT_PROTOTYPES = YES;
				CLANG_WARN_SUSPICIOUS_MOVE = YES;
				CLANG_WARN_UNGUARDED_AVAILABILITY = YES_AGGRESSIVE;
				CLANG_WARN_UNREACHABLE_CODE = YES;
				CLANG_WARN__DUPLICATE_METHOD_MATCH = YES;
				CODE_SIGN_IDENTITY = "iPhone Developer";
				COPY_PHASE_STRIP = NO;
				DEBUG_INFORMATION_FORMAT = "dwarf-with-dsym";
				ENABLE_NS_ASSERTIONS = NO;
				ENABLE_STRICT_OBJC_MSGSEND = YES;
				GCC_C_LANGUAGE_STANDARD = gnu11;
				GCC_NO_COMMON_BLOCKS = YES;
				GCC_WARN_64_TO_32_BIT_CONVERSION = YES;
				GCC_WARN_ABOUT_RETURN_TYPE = YES_ERROR;
				GCC_WARN_UNDECLARED_SELECTOR = YES;
				GCC_WARN_UNINITIALIZED_AUTOS = YES_AGGRESSIVE;
				GCC_WARN_UNUSED_FUNCTION = YES;
				GCC_WARN_UNUSED_VARIABLE = YES;
				IPHONEOS_DEPLOYMENT_TARGET = 12.2;
				MTL_ENABLE_DEBUG_INFO = NO;
				MTL_FAST_MATH = YES;
				SDKROOT = iphoneos;
				SWIFT_COMPILATION_MODE = wholemodule;
				SWIFT_OPTIMIZATION_LEVEL = "-O";
				VALIDATE_PRODUCT = YES;
			};
			name = Release;
		};
		3915E2CF22538AD900DBD403 /* Debug */ = {
			isa = XCBuildConfiguration;
			buildSettings = {
				ASSETCATALOG_COMPILER_APPICON_NAME = AppIcon;
				CODE_SIGN_STYLE = Automatic;
				DEVELOPMENT_TEAM = 9LRG6635SC;
				INFOPLIST_FILE = NYTMostPopular/Info.plist;
				LD_RUNPATH_SEARCH_PATHS = (
					"$(inherited)",
					"@executable_path/Frameworks",
				);
				PRODUCT_BUNDLE_IDENTIFIER = FC.NYTMostPopular;
				PRODUCT_NAME = "$(TARGET_NAME)";
				SWIFT_VERSION = 5.0;
				TARGETED_DEVICE_FAMILY = "1,2";
			};
			name = Debug;
		};
		3915E2D022538AD900DBD403 /* Release */ = {
			isa = XCBuildConfiguration;
			buildSettings = {
				ASSETCATALOG_COMPILER_APPICON_NAME = AppIcon;
				CODE_SIGN_STYLE = Automatic;
				DEVELOPMENT_TEAM = 9LRG6635SC;
				INFOPLIST_FILE = NYTMostPopular/Info.plist;
				LD_RUNPATH_SEARCH_PATHS = (
					"$(inherited)",
					"@executable_path/Frameworks",
				);
				PRODUCT_BUNDLE_IDENTIFIER = FC.NYTMostPopular;
				PRODUCT_NAME = "$(TARGET_NAME)";
				SWIFT_VERSION = 5.0;
				TARGETED_DEVICE_FAMILY = "1,2";
			};
			name = Release;
		};
		3915E2D222538AD900DBD403 /* Debug */ = {
			isa = XCBuildConfiguration;
			buildSettings = {
				ALWAYS_EMBED_SWIFT_STANDARD_LIBRARIES = YES;
				BUNDLE_LOADER = "$(TEST_HOST)";
				CODE_SIGN_STYLE = Automatic;
				DEVELOPMENT_TEAM = 9LRG6635SC;
				INFOPLIST_FILE = NYTMostPopularTests/Info.plist;
				LD_RUNPATH_SEARCH_PATHS = (
					"$(inherited)",
					"@executable_path/Frameworks",
					"@loader_path/Frameworks",
				);
				PRODUCT_BUNDLE_IDENTIFIER = FC.NYTMostPopularTests;
				PRODUCT_NAME = "$(TARGET_NAME)";
				SWIFT_VERSION = 5.0;
				TARGETED_DEVICE_FAMILY = "1,2";
				TEST_HOST = "$(BUILT_PRODUCTS_DIR)/NYTMostPopular.app/NYTMostPopular";
			};
			name = Debug;
		};
		3915E2D322538AD900DBD403 /* Release */ = {
			isa = XCBuildConfiguration;
			buildSettings = {
				ALWAYS_EMBED_SWIFT_STANDARD_LIBRARIES = YES;
				BUNDLE_LOADER = "$(TEST_HOST)";
				CODE_SIGN_STYLE = Automatic;
				DEVELOPMENT_TEAM = 9LRG6635SC;
				INFOPLIST_FILE = NYTMostPopularTests/Info.plist;
				LD_RUNPATH_SEARCH_PATHS = (
					"$(inherited)",
					"@executable_path/Frameworks",
					"@loader_path/Frameworks",
				);
				PRODUCT_BUNDLE_IDENTIFIER = FC.NYTMostPopularTests;
				PRODUCT_NAME = "$(TARGET_NAME)";
				SWIFT_VERSION = 5.0;
				TARGETED_DEVICE_FAMILY = "1,2";
				TEST_HOST = "$(BUILT_PRODUCTS_DIR)/NYTMostPopular.app/NYTMostPopular";
			};
			name = Release;
		};
/* End XCBuildConfiguration section */

/* Begin XCConfigurationList section */
		3915E2AC22538AD600DBD403 /* Build configuration list for PBXProject "NYTMostPopular" */ = {
			isa = XCConfigurationList;
			buildConfigurations = (
				3915E2CC22538AD900DBD403 /* Debug */,
				3915E2CD22538AD900DBD403 /* Release */,
			);
			defaultConfigurationIsVisible = 0;
			defaultConfigurationName = Release;
		};
		3915E2CE22538AD900DBD403 /* Build configuration list for PBXNativeTarget "NYTMostPopular" */ = {
			isa = XCConfigurationList;
			buildConfigurations = (
				3915E2CF22538AD900DBD403 /* Debug */,
				3915E2D022538AD900DBD403 /* Release */,
			);
			defaultConfigurationIsVisible = 0;
			defaultConfigurationName = Release;
		};
		3915E2D122538AD900DBD403 /* Build configuration list for PBXNativeTarget "NYTMostPopularTests" */ = {
			isa = XCConfigurationList;
			buildConfigurations = (
				3915E2D222538AD900DBD403 /* Debug */,
				3915E2D322538AD900DBD403 /* Release */,
			);
			defaultConfigurationIsVisible = 0;
			defaultConfigurationName = Release;
		};
/* End XCConfigurationList section */
	};
	rootObject = 3915E2A922538AD600DBD403 /* Project object */;
}
